
Microsoft Visual Studio Solution File, Format Version 12.00
# Visual Studio Version 17
VisualStudioVersion = 17.9.34728.123
MinimumVisualStudioVersion = 10.0.40219.1
Project("{FAE04EC0-301F-11D3-BF4B-00C04F79EFBC}") = "BakeryCheckout", "ConsoleApp2\BakeryCheckout.csproj", "{F5F6C6FF-D388-4999-B618-2FD3E8AC56BE}"
EndProject
Global
	GlobalSection(SolutionConfigurationPlatforms) = preSolution
		Debug|Any CPU = Debug|Any CPU
		Release|Any CPU = Release|Any CPU
	EndGlobalSection
	GlobalSection(ProjectConfigurationPlatforms) = postSolution
		{F5F6C6FF-D388-4999-B618-2FD3E8AC56BE}.Debug|Any CPU.ActiveCfg = Debug|Any CPU
		{F5F6C6FF-D388-4999-B618-2FD3E8AC56BE}.Debug|Any CPU.Build.0 = Debug|Any CPU
		{F5F6C6FF-D388-4999-B618-2FD3E8AC56BE}.Release|Any CPU.ActiveCfg = Release|Any CPU
		{F5F6C6FF-D388-4999-B618-2FD3E8AC56BE}.Release|Any CPU.Build.0 = Release|Any CPU
	EndGlobalSection
	GlobalSection(SolutionProperties) = preSolution
		HideSolutionNode = FALSE
	EndGlobalSection
	GlobalSection(ExtensibilityGlobals) = postSolution
		SolutionGuid = {9B0644D0-0C0B-4055-8024-DD52539F7DEB}
	EndGlobalSection
EndGlobal
